// !$*UTF8*$!
{
	archiveVersion = 1;
	classes = {
	};
	objectVersion = 56;
	objects = {

/* Begin PBXBuildFile section */
		E825B27A2B02127E001EB265 /* pia12iosv3monApp.swift in Sources */ = {isa = PBXBuildFile; fileRef = E825B2792B02127E001EB265 /* pia12iosv3monApp.swift */; };
		E825B27C2B02127E001EB265 /* ContentView.swift in Sources */ = {isa = PBXBuildFile; fileRef = E825B27B2B02127E001EB265 /* ContentView.swift */; };
		E825B27E2B02127F001EB265 /* Assets.xcassets in Resources */ = {isa = PBXBuildFile; fileRef = E825B27D2B02127F001EB265 /* Assets.xcassets */; };
		E825B2812B02127F001EB265 /* Preview Assets.xcassets in Resources */ = {isa = PBXBuildFile; fileRef = E825B2802B02127F001EB265 /* Preview Assets.xcassets */; };
		E825B2882B06079A001EB265 /* ChuckAPI.swift in Sources */ = {isa = PBXBuildFile; fileRef = E825B2872B06079A001EB265 /* ChuckAPI.swift */; };
		E825B28A2B0619F1001EB265 /* ChuckModels.swift in Sources */ = {isa = PBXBuildFile; fileRef = E825B2892B0619F1001EB265 /* ChuckModels.swift */; };
		E825B28C2B061BC6001EB265 /* ShowJokeView.swift in Sources */ = {isa = PBXBuildFile; fileRef = E825B28B2B061BC6001EB265 /* ShowJokeView.swift */; };
/* End PBXBuildFile section */

/* Begin PBXFileReference section */
		E825B2762B02127E001EB265 /* pia12iosv3mon.app */ = {isa = PBXFileReference; explicitFileType = wrapper.application; includeInIndex = 0; path = pia12iosv3mon.app; sourceTree = BUILT_PRODUCTS_DIR; };
		E825B2792B02127E001EB265 /* pia12iosv3monApp.swift */ = {isa = PBXFileReference; lastKnownFileType = sourcecode.swift; path = pia12iosv3monApp.swift; sourceTree = "<group>"; };
		E825B27B2B02127E001EB265 /* ContentView.swift */ = {isa = PBXFileReference; lastKnownFileType = sourcecode.swift; path = ContentView.swift; sourceTree = "<group>"; };
		E825B27D2B02127F001EB265 /* Assets.xcassets */ = {isa = PBXFileReference; lastKnownFileType = folder.assetcatalog; path = Assets.xcassets; sourceTree = "<group>"; };
		E825B2802B02127F001EB265 /* Preview Assets.xcassets */ = {isa = PBXFileReference; lastKnownFileType = folder.assetcatalog; path = "Preview Assets.xcassets"; sourceTree = "<group>"; };
		E825B2872B06079A001EB265 /* ChuckAPI.swift */ = {isa = PBXFileReference; lastKnownFileType = sourcecode.swift; path = ChuckAPI.swift; sourceTree = "<group>"; };
		E825B2892B0619F1001EB265 /* ChuckModels.swift */ = {isa = PBXFileReference; lastKnownFileType = sourcecode.swift; path = ChuckModels.swift; sourceTree = "<group>"; };
		E825B28B2B061BC6001EB265 /* ShowJokeView.swift */ = {isa = PBXFileReference; lastKnownFileType = sourcecode.swift; path = ShowJokeView.swift; sourceTree = "<group>"; };
/* End PBXFileReference section */

/* Begin PBXFrameworksBuildPhase section */
		E825B2732B02127E001EB265 /* Frameworks */ = {
			isa = PBXFrameworksBuildPhase;
			buildActionMask = 2147483647;
			files = (
			);
			runOnlyForDeploymentPostprocessing = 0;
		};
/* End PBXFrameworksBuildPhase section */

/* Begin PBXGroup section */
		E825B26D2B02127E001EB265 = {
			isa = PBXGroup;
			children = (
				E825B2782B02127E001EB265 /* pia12iosv3mon */,
				E825B2772B02127E001EB265 /* Products */,
			);
			sourceTree = "<group>";
		};
		E825B2772B02127E001EB265 /* Products */ = {
			isa = PBXGroup;
			children = (
				E825B2762B02127E001EB265 /* pia12iosv3mon.app */,
			);
			name = Products;
			sourceTree = "<group>";
		};
		E825B2782B02127E001EB265 /* pia12iosv3mon */ = {
			isa = PBXGroup;
			children = (
				E825B2792B02127E001EB265 /* pia12iosv3monApp.swift */,
				E825B27B2B02127E001EB265 /* ContentView.swift */,
				E825B28B2B061BC6001EB265 /* ShowJokeView.swift */,
				E825B2892B0619F1001EB265 /* ChuckModels.swift */,
				E825B2872B06079A001EB265 /* ChuckAPI.swift */,
				E825B27D2B02127F001EB265 /* Assets.xcassets */,
				E825B27F2B02127F001EB265 /* Preview Content */,
			);
			path = pia12iosv3mon;
			sourceTree = "<group>";
		};
		E825B27F2B02127F001EB265 /* Preview Content */ = {
			isa = PBXGroup;
			children = (
				E825B2802B02127F001EB265 /* Preview Assets.xcassets */,
			);
			path = "Preview Content";
			sourceTree = "<group>";
		};
/* End PBXGroup section */

/* Begin PBXNativeTarget section */
		E825B2752B02127E001EB265 /* pia12iosv3mon */ = {
			isa = PBXNativeTarget;
			buildConfigurationList = E825B2842B02127F001EB265 /* Build configuration list for PBXNativeTarget "pia12iosv3mon" */;
			buildPhases = (
				E825B2722B02127E001EB265 /* Sources */,
				E825B2732B02127E001EB265 /* Frameworks */,
				E825B2742B02127E001EB265 /* Resources */,
			);
			buildRules = (
			);
			dependencies = (
			);
			name = pia12iosv3mon;
			productName = pia12iosv3mon;
			productReference = E825B2762B02127E001EB265 /* pia12iosv3mon.app */;
			productType = "com.apple.product-type.application";
		};
/* End PBXNativeTarget section */

/* Begin PBXProject section */
		E825B26E2B02127E001EB265 /* Project object */ = {
			isa = PBXProject;
			attributes = {
				BuildIndependentTargetsInParallel = 1;
				LastSwiftUpdateCheck = 1500;
				LastUpgradeCheck = 1500;
				TargetAttributes = {
					E825B2752B02127E001EB265 = {
						CreatedOnToolsVersion = 15.0;
					};
				};
			};
			buildConfigurationList = E825B2712B02127E001EB265 /* Build configuration list for PBXProject "pia12iosv3mon" */;
			compatibilityVersion = "Xcode 14.0";
			developmentRegion = en;
			hasScannedForEncodings = 0;
			knownRegions = (
				en,
				Base,
			);
			mainGroup = E825B26D2B02127E001EB265;
			productRefGroup = E825B2772B02127E001EB265 /* Products */;
			projectDirPath = "";
			projectRoot = "";
			targets = (
				E825B2752B02127E001EB265 /* pia12iosv3mon */,
			);
		};
/* End PBXProject section */

/* Begin PBXResourcesBuildPhase section */
		E825B2742B02127E001EB265 /* Resources */ = {
			isa = PBXResourcesBuildPhase;
			buildActionMask = 2147483647;
			files = (
				E825B2812B02127F001EB265 /* Preview Assets.xcassets in Resources */,
				E825B27E2B02127F001EB265 /* Assets.xcassets in Resources */,
			);
			runOnlyForDeploymentPostprocessing = 0;
		};
/* End PBXResourcesBuildPhase section */

/* Begin PBXSourcesBuildPhase section */
		E825B2722B02127E001EB265 /* Sources */ = {
			isa = PBXSourcesBuildPhase;
			buildActionMask = 2147483647;
			files = (
				E825B28C2B061BC6001EB265 /* ShowJokeView.swift in Sources */,
				E825B27C2B02127E001EB265 /* ContentView.swift in Sources */,
				E825B2882B06079A001EB265 /* ChuckAPI.swift in Sources */,
				E825B28A2B0619F1001EB265 /* ChuckModels.swift in Sources */,
				E825B27A2B02127E001EB265 /* pia12iosv3monApp.swift in Sources */,
			);
			runOnlyForDeploymentPostprocessing = 0;
		};
/* End PBXSourcesBuildPhase section */

/* Begin XCBuildConfiguration section */
		E825B2822B02127F001EB265 /* Debug */ = {
			isa = XCBuildConfiguration;
			buildSettings = {
				ALWAYS_SEARCH_USER_PATHS = NO;
				ASSETCATALOG_COMPILER_GENERATE_SWIFT_ASSET_SYMBOL_EXTENSIONS = YES;
				CLANG_ANALYZER_NONNULL = YES;
				CLANG_ANALYZER_NUMBER_OBJECT_CONVERSION = YES_AGGRESSIVE;
				CLANG_CXX_LANGUAGE_STANDARD = "gnu++20";
				CLANG_ENABLE_MODULES = YES;
				CLANG_ENABLE_OBJC_ARC = YES;
				CLANG_ENABLE_OBJC_WEAK = YES;
				CLANG_WARN_BLOCK_CAPTURE_AUTORELEASING = YES;
				CLANG_WARN_BOOL_CONVERSION = YES;
				CLANG_WARN_COMMA = YES;
				CLANG_WARN_CONSTANT_CONVERSION = YES;
				CLANG_WARN_DEPRECATED_OBJC_IMPLEMENTATIONS = YES;
				CLANG_WARN_DIRECT_OBJC_ISA_USAGE = YES_ERROR;
				CLANG_WARN_DOCUMENTATION_COMMENTS = YES;
				CLANG_WARN_EMPTY_BODY = YES;
				CLANG_WARN_ENUM_CONVERSION = YES;
				CLANG_WARN_INFINITE_RECURSION = YES;
				CLANG_WARN_INT_CONVERSION = YES;
				CLANG_WARN_NON_LITERAL_NULL_CONVERSION = YES;
				CLANG_WARN_OBJC_IMPLICIT_RETAIN_SELF = YES;
				CLANG_WARN_OBJC_LITERAL_CONVERSION = YES;
				CLANG_WARN_OBJC_ROOT_CLASS = YES_ERROR;
				CLANG_WARN_QUOTED_INCLUDE_IN_FRAMEWORK_HEADER = YES;
				CLANG_WARN_RANGE_LOOP_ANALYSIS = YES;
				CLANG_WARN_STRICT_PROTOTYPES = YES;
				CLANG_WARN_SUSPICIOUS_MOVE = YES;
				CLANG_WARN_UNGUARDED_AVAILABILITY = YES_AGGRESSIVE;
				CLANG_WARN_UNREACHABLE_CODE = YES;
				CLANG_WARN__DUPLICATE_METHOD_MATCH = YES;
				COPY_PHASE_STRIP = NO;
				DEBUG_INFORMATION_FORMAT = dwarf;
				ENABLE_STRICT_OBJC_MSGSEND = YES;
				ENABLE_TESTABILITY = YES;
				ENABLE_USER_SCRIPT_SANDBOXING = YES;
				GCC_C_LANGUAGE_STANDARD = gnu17;
				GCC_DYNAMIC_NO_PIC = NO;
				GCC_NO_COMMON_BLOCKS = YES;
				GCC_OPTIMIZATION_LEVEL = 0;
				GCC_PREPROCESSOR_DEFINITIONS = (
					"DEBUG=1",
					"$(inherited)",
				);
				GCC_WARN_64_TO_32_BIT_CONVERSION = YES;
				GCC_WARN_ABOUT_RETURN_TYPE = YES_ERROR;
				GCC_WARN_UNDECLARED_SELECTOR = YES;
				GCC_WARN_UNINITIALIZED_AUTOS = YES_AGGRESSIVE;
				GCC_WARN_UNUSED_FUNCTION = YES;
				GCC_WARN_UNUSED_VARIABLE = YES;
				IPHONEOS_DEPLOYMENT_TARGET = 17.0;
				LOCALIZATION_PREFERS_STRING_CATALOGS = YES;
				MTL_ENABLE_DEBUG_INFO = INCLUDE_SOURCE;
				MTL_FAST_MATH = YES;
				ONLY_ACTIVE_ARCH = YES;
				SDKROOT = iphoneos;
				SWIFT_ACTIVE_COMPILATION_CONDITIONS = "DEBUG $(inherited)";
				SWIFT_OPTIMIZATION_LEVEL = "-Onone";
			};
			name = Debug;
		};
		E825B2832B02127F001EB265 /* Release */ = {
			isa = XCBuildConfiguration;
			buildSettings = {
				ALWAYS_SEARCH_USER_PATHS = NO;
				ASSETCATALOG_COMPILER_GENERATE_SWIFT_ASSET_SYMBOL_EXTENSIONS = YES;
				CLANG_ANALYZER_NONNULL = YES;
				CLANG_ANALYZER_NUMBER_OBJECT_CONVERSION = YES_AGGRESSIVE;
				CLANG_CXX_LANGUAGE_STANDARD = "gnu++20";
				CLANG_ENABLE_MODULES = YES;
				CLANG_ENABLE_OBJC_ARC = YES;
				CLANG_ENABLE_OBJC_WEAK = YES;
				CLANG_WARN_BLOCK_CAPTURE_AUTORELEASING = YES;
				CLANG_WARN_BOOL_CONVERSION = YES;
				CLANG_WARN_COMMA = YES;
				CLANG_WARN_CONSTANT_CONVERSION = YES;
				CLANG_WARN_DEPRECATED_OBJC_IMPLEMENTATIONS = YES;
				CLANG_WARN_DIRECT_OBJC_ISA_USAGE = YES_ERROR;
				CLANG_WARN_DOCUMENTATION_COMMENTS = YES;
				CLANG_WARN_EMPTY_BODY = YES;
				CLANG_WARN_ENUM_CONVERSION = YES;
				CLANG_WARN_INFINITE_RECURSION = YES;
				CLANG_WARN_INT_CONVERSION = YES;
				CLANG_WARN_NON_LITERAL_NULL_CONVERSION = YES;
				CLANG_WARN_OBJC_IMPLICIT_RETAIN_SELF = YES;
				CLANG_WARN_OBJC_LITERAL_CONVERSION = YES;
				CLANG_WARN_OBJC_ROOT_CLASS = YES_ERROR;
				CLANG_WARN_QUOTED_INCLUDE_IN_FRAMEWORK_HEADER = YES;
				CLANG_WARN_RANGE_LOOP_ANALYSIS = YES;
				CLANG_WARN_STRICT_PROTOTYPES = YES;
				CLANG_WARN_SUSPICIOUS_MOVE = YES;
				CLANG_WARN_UNGUARDED_AVAILABILITY = YES_AGGRESSIVE;
				CLANG_WARN_UNREACHABLE_CODE = YES;
				CLANG_WARN__DUPLICATE_METHOD_MATCH = YES;
				COPY_PHASE_STRIP = NO;
				DEBUG_INFORMATION_FORMAT = "dwarf-with-dsym";
				ENABLE_NS_ASSERTIONS = NO;
				ENABLE_STRICT_OBJC_MSGSEND = YES;
				ENABLE_USER_SCRIPT_SANDBOXING = YES;
				GCC_C_LANGUAGE_STANDARD = gnu17;
				GCC_NO_COMMON_BLOCKS = YES;
				GCC_WARN_64_TO_32_BIT_CONVERSION = YES;
				GCC_WARN_ABOUT_RETURN_TYPE = YES_ERROR;
				GCC_WARN_UNDECLARED_SELECTOR = YES;
				GCC_WARN_UNINITIALIZED_AUTOS = YES_AGGRESSIVE;
				GCC_WARN_UNUSED_FUNCTION = YES;
				GCC_WARN_UNUSED_VARIABLE = YES;
				IPHONEOS_DEPLOYMENT_TARGET = 17.0;
				LOCALIZATION_PREFERS_STRING_CATALOGS = YES;
				MTL_ENABLE_DEBUG_INFO = NO;
				MTL_FAST_MATH = YES;
				SDKROOT = iphoneos;
				SWIFT_COMPILATION_MODE = wholemodule;
				VALIDATE_PRODUCT = YES;
			};
			name = Release;
		};
		E825B2852B02127F001EB265 /* Debug */ = {
			isa = XCBuildConfiguration;
			buildSettings = {
				ASSETCATALOG_COMPILER_APPICON_NAME = AppIcon;
				ASSETCATALOG_COMPILER_GLOBAL_ACCENT_COLOR_NAME = AccentColor;
				CODE_SIGN_STYLE = Automatic;
				CURRENT_PROJECT_VERSION = 1;
				DEVELOPMENT_ASSET_PATHS = "\"pia12iosv3mon/Preview Content\"";
				ENABLE_PREVIEWS = YES;
				GENERATE_INFOPLIST_FILE = YES;
				INFOPLIST_KEY_UIApplicationSceneManifest_Generation = YES;
				INFOPLIST_KEY_UIApplicationSupportsIndirectInputEvents = YES;
				INFOPLIST_KEY_UILaunchScreen_Generation = YES;
				INFOPLIST_KEY_UISupportedInterfaceOrientations_iPad = "UIInterfaceOrientationPortrait UIInterfaceOrientationPortraitUpsideDown UIInterfaceOrientationLandscapeLeft UIInterfaceOrientationLandscapeRight";
				INFOPLIST_KEY_UISupportedInterfaceOrientations_iPhone = "UIInterfaceOrientationPortrait UIInterfaceOrientationLandscapeLeft UIInterfaceOrientationLandscapeRight";
				LD_RUNPATH_SEARCH_PATHS = (
					"$(inherited)",
					"@executable_path/Frameworks",
				);
				MARKETING_VERSION = 1.0;
				PRODUCT_BUNDLE_IDENTIFIER = se.magictechnology.pia12iosv3mon;
				PRODUCT_NAME = "$(TARGET_NAME)";
				SWIFT_EMIT_LOC_STRINGS = YES;
				SWIFT_VERSION = 5.0;
				TARGETED_DEVICE_FAMILY = "1,2";
			};
			name = Debug;
		};
		E825B2862B02127F001EB265 /* Release */ = {
			isa = XCBuildConfiguration;
			buildSettings = {
				ASSETCATALOG_COMPILER_APPICON_NAME = AppIcon;
				ASSETCATALOG_COMPILER_GLOBAL_ACCENT_COLOR_NAME = AccentColor;
				CODE_SIGN_STYLE = Automatic;
				CURRENT_PROJECT_VERSION = 1;
				DEVELOPMENT_ASSET_PATHS = "\"pia12iosv3mon/Preview Content\"";
				ENABLE_PREVIEWS = YES;
				GENERATE_INFOPLIST_FILE = YES;
				INFOPLIST_KEY_UIApplicationSceneManifest_Generation = YES;
				INFOPLIST_KEY_UIApplicationSupportsIndirectInputEvents = YES;
				INFOPLIST_KEY_UILaunchScreen_Generation = YES;
				INFOPLIST_KEY_UISupportedInterfaceOrientations_iPad = "UIInterfaceOrientationPortrait UIInterfaceOrientationPortraitUpsideDown UIInterfaceOrientationLandscapeLeft UIInterfaceOrientationLandscapeRight";
				INFOPLIST_KEY_UISupportedInterfaceOrientations_iPhone = "UIInterfaceOrientationPortrait UIInterfaceOrientationLandscapeLeft UIInterfaceOrientationLandscapeRight";
				LD_RUNPATH_SEARCH_PATHS = (
					"$(inherited)",
					"@executable_path/Frameworks",
				);
				MARKETING_VERSION = 1.0;
				PRODUCT_BUNDLE_IDENTIFIER = se.magictechnology.pia12iosv3mon;
				PRODUCT_NAME = "$(TARGET_NAME)";
				SWIFT_EMIT_LOC_STRINGS = YES;
				SWIFT_VERSION = 5.0;
				TARGETED_DEVICE_FAMILY = "1,2";
			};
			name = Release;
		};
/* End XCBuildConfiguration section */

/* Begin XCConfigurationList section */
		E825B2712B02127E001EB265 /* Build configuration list for PBXProject "pia12iosv3mon" */ = {
			isa = XCConfigurationList;
			buildConfigurations = (
				E825B2822B02127F001EB265 /* Debug */,
				E825B2832B02127F001EB265 /* Release */,
			);
			defaultConfigurationIsVisible = 0;
			defaultConfigurationName = Release;
		};
		E825B2842B02127F001EB265 /* Build configuration list for PBXNativeTarget "pia12iosv3mon" */ = {
			isa = XCConfigurationList;
			buildConfigurations = (
				E825B2852B02127F001EB265 /* Debug */,
				E825B2862B02127F001EB265 /* Release */,
			);
			defaultConfigurationIsVisible = 0;
			defaultConfigurationName = Release;
		};
/* End XCConfigurationList section */
	};
	rootObject = E825B26E2B02127E001EB265 /* Project object */;
}
